
Microsoft Visual Studio Solution File, Format Version 12.00
# Visual Studio Version 16
VisualStudioVersion = 16.0.29009.5
MinimumVisualStudioVersion = 10.0.40219.1
Project("{FAE04EC0-301F-11D3-BF4B-00C04F79EFBC}") = "UFO Tracker", "UFO Tracker\UFO Tracker.csproj", "{F233812F-A2AF-4FAC-890F-6077302E2770}"
EndProject
Global
	GlobalSection(SolutionConfigurationPlatforms) = preSolution
		Debug|Any CPU = Debug|Any CPU
		Release|Any CPU = Release|Any CPU
	EndGlobalSection
	GlobalSection(ProjectConfigurationPlatforms) = postSolution
		{F233812F-A2AF-4FAC-890F-6077302E2770}.Debug|Any CPU.ActiveCfg = Debug|Any CPU
		{F233812F-A2AF-4FAC-890F-6077302E2770}.Debug|Any CPU.Build.0 = Debug|Any CPU
		{F233812F-A2AF-4FAC-890F-6077302E2770}.Release|Any CPU.ActiveCfg = Release|Any CPU
		{F233812F-A2AF-4FAC-890F-6077302E2770}.Release|Any CPU.Build.0 = Release|Any CPU
	EndGlobalSection
	GlobalSection(SolutionProperties) = preSolution
		HideSolutionNode = FALSE
	EndGlobalSection
	GlobalSection(ExtensibilityGlobals) = postSolution
		SolutionGuid = {5BE21621-CA29-4F1D-B9AE-B658F9DA4ACB}
	EndGlobalSection
EndGlobal
